
Microsoft Visual Studio Solution File, Format Version 12.00
# Visual Studio Version 17
VisualStudioVersion = 17.10.34916.146
MinimumVisualStudioVersion = 10.0.40219.1
Project("{FAE04EC0-301F-11D3-BF4B-00C04F79EFBC}") = "GuardProtocol", "GuardProtocol.csproj", "{3D64CCB0-149E-4FE5-9EDF-2E6CD7BED62E}"
EndProject
Global
	GlobalSection(SolutionConfigurationPlatforms) = preSolution
		Debug|Any CPU = Debug|Any CPU
		Release|Any CPU = Release|Any CPU
	EndGlobalSection
	GlobalSection(ProjectConfigurationPlatforms) = postSolution
		{3D64CCB0-149E-4FE5-9EDF-2E6CD7BED62E}.Debug|Any CPU.ActiveCfg = Debug|Any CPU
		{3D64CCB0-149E-4FE5-9EDF-2E6CD7BED62E}.Debug|Any CPU.Build.0 = Debug|Any CPU
		{3D64CCB0-149E-4FE5-9EDF-2E6CD7BED62E}.Release|Any CPU.ActiveCfg = Release|Any CPU
		{3D64CCB0-149E-4FE5-9EDF-2E6CD7BED62E}.Release|Any CPU.Build.0 = Release|Any CPU
	EndGlobalSection
	GlobalSection(SolutionProperties) = preSolution
		HideSolutionNode = FALSE
	EndGlobalSection
	GlobalSection(ExtensibilityGlobals) = postSolution
		SolutionGuid = {2F64D946-8203-43E2-91C4-1AC56CA705D8}
	EndGlobalSection
EndGlobal
